
Microsoft Visual Studio Solution File, Format Version 12.00
# Visual Studio 2013
VisualStudioVersion = 12.0.31101.0
MinimumVisualStudioVersion = 10.0.40219.1
Project("{FAE04EC0-301F-11D3-BF4B-00C04F79EFBC}") = "Point3D", "Point3D\Point3D.csproj", "{2F727444-E249-4976-871C-B604975B792C}"
EndProject
Project("{FAE04EC0-301F-11D3-BF4B-00C04F79EFBC}") = "Geometry", "Namespaces\Geometry.csproj", "{5235B5B3-1C3E-4B2E-8587-48E8C6A9A1F6}"
EndProject
Project("{FAE04EC0-301F-11D3-BF4B-00C04F79EFBC}") = "HTMLDispatcher", "HTMLDispatcher\HTMLDispatcher.csproj", "{45420BB0-EAD6-4210-A3AB-E12A0DD37194}"
EndProject
Project("{FAE04EC0-301F-11D3-BF4B-00C04F79EFBC}") = "BitArray", "BitArray\BitArray.csproj", "{905B983E-7544-4EE2-B151-B865BD194639}"
EndProject
Global
	GlobalSection(SolutionConfigurationPlatforms) = preSolution
		Debug|Any CPU = Debug|Any CPU
		Release|Any CPU = Release|Any CPU
	EndGlobalSection
	GlobalSection(ProjectConfigurationPlatforms) = postSolution
		{2F727444-E249-4976-871C-B604975B792C}.Debug|Any CPU.ActiveCfg = Debug|Any CPU
		{2F727444-E249-4976-871C-B604975B792C}.Debug|Any CPU.Build.0 = Debug|Any CPU
		{2F727444-E249-4976-871C-B604975B792C}.Release|Any CPU.ActiveCfg = Release|Any CPU
		{2F727444-E249-4976-871C-B604975B792C}.Release|Any CPU.Build.0 = Release|Any CPU
		{5235B5B3-1C3E-4B2E-8587-48E8C6A9A1F6}.Debug|Any CPU.ActiveCfg = Debug|Any CPU
		{5235B5B3-1C3E-4B2E-8587-48E8C6A9A1F6}.Debug|Any CPU.Build.0 = Debug|Any CPU
		{5235B5B3-1C3E-4B2E-8587-48E8C6A9A1F6}.Release|Any CPU.ActiveCfg = Release|Any CPU
		{5235B5B3-1C3E-4B2E-8587-48E8C6A9A1F6}.Release|Any CPU.Build.0 = Release|Any CPU
		{45420BB0-EAD6-4210-A3AB-E12A0DD37194}.Debug|Any CPU.ActiveCfg = Debug|Any CPU
		{45420BB0-EAD6-4210-A3AB-E12A0DD37194}.Debug|Any CPU.Build.0 = Debug|Any CPU
		{45420BB0-EAD6-4210-A3AB-E12A0DD37194}.Release|Any CPU.ActiveCfg = Release|Any CPU
		{45420BB0-EAD6-4210-A3AB-E12A0DD37194}.Release|Any CPU.Build.0 = Release|Any CPU
		{905B983E-7544-4EE2-B151-B865BD194639}.Debug|Any CPU.ActiveCfg = Debug|Any CPU
		{905B983E-7544-4EE2-B151-B865BD194639}.Debug|Any CPU.Build.0 = Debug|Any CPU
		{905B983E-7544-4EE2-B151-B865BD194639}.Release|Any CPU.ActiveCfg = Release|Any CPU
		{905B983E-7544-4EE2-B151-B865BD194639}.Release|Any CPU.Build.0 = Release|Any CPU
	EndGlobalSection
	GlobalSection(SolutionProperties) = preSolution
		HideSolutionNode = FALSE
	EndGlobalSection
EndGlobal
